// !$*UTF8*$!
{
	archiveVersion = 1;
	classes = {
	};
	objectVersion = 46;
	objects = {

/* Begin PBXBuildFile section */
		C87EC9061A69181400653082 /* AppDelegate.swift in Sources */ = {isa = PBXBuildFile; fileRef = C87EC9051A69181400653082 /* AppDelegate.swift */; };
		C87EC9081A69181400653082 /* ViewController.swift in Sources */ = {isa = PBXBuildFile; fileRef = C87EC9071A69181400653082 /* ViewController.swift */; };
		C87EC90B1A69181400653082 /* Main.storyboard in Resources */ = {isa = PBXBuildFile; fileRef = C87EC9091A69181400653082 /* Main.storyboard */; };
		C87EC90D1A69181400653082 /* Images.xcassets in Resources */ = {isa = PBXBuildFile; fileRef = C87EC90C1A69181400653082 /* Images.xcassets */; };
		C87EC9101A69181400653082 /* LaunchScreen.xib in Resources */ = {isa = PBXBuildFile; fileRef = C87EC90E1A69181400653082 /* LaunchScreen.xib */; };
		C87EC91C1A69181500653082 /* Segues_ExampleTests.swift in Sources */ = {isa = PBXBuildFile; fileRef = C87EC91B1A69181500653082 /* Segues_ExampleTests.swift */; };
/* End PBXBuildFile section */

/* Begin PBXContainerItemProxy section */
		C87EC9161A69181500653082 /* PBXContainerItemProxy */ = {
			isa = PBXContainerItemProxy;
			containerPortal = C87EC8F81A69181400653082 /* Project object */;
			proxyType = 1;
			remoteGlobalIDString = C87EC8FF1A69181400653082;
			remoteInfo = "Segues Example";
		};
/* End PBXContainerItemProxy section */

/* Begin PBXFileReference section */
		C87EC9001A69181400653082 /* Segues Example.app */ = {isa = PBXFileReference; explicitFileType = wrapper.application; includeInIndex = 0; path = "Segues Example.app"; sourceTree = BUILT_PRODUCTS_DIR; };
		C87EC9041A69181400653082 /* Info.plist */ = {isa = PBXFileReference; lastKnownFileType = text.plist.xml; path = Info.plist; sourceTree = "<group>"; };
		C87EC9051A69181400653082 /* AppDelegate.swift */ = {isa = PBXFileReference; lastKnownFileType = sourcecode.swift; path = AppDelegate.swift; sourceTree = "<group>"; };
		C87EC9071A69181400653082 /* ViewController.swift */ = {isa = PBXFileReference; lastKnownFileType = sourcecode.swift; path = ViewController.swift; sourceTree = "<group>"; };
		C87EC90A1A69181400653082 /* Base */ = {isa = PBXFileReference; lastKnownFileType = file.storyboard; name = Base; path = Base.lproj/Main.storyboard; sourceTree = "<group>"; };
		C87EC90C1A69181400653082 /* Images.xcassets */ = {isa = PBXFileReference; lastKnownFileType = folder.assetcatalog; path = Images.xcassets; sourceTree = "<group>"; };
		C87EC90F1A69181400653082 /* Base */ = {isa = PBXFileReference; lastKnownFileType = file.xib; name = Base; path = Base.lproj/LaunchScreen.xib; sourceTree = "<group>"; };
		C87EC9151A69181500653082 /* Segues ExampleTests.xctest */ = {isa = PBXFileReference; explicitFileType = wrapper.cfbundle; includeInIndex = 0; path = "Segues ExampleTests.xctest"; sourceTree = BUILT_PRODUCTS_DIR; };
		C87EC91A1A69181500653082 /* Info.plist */ = {isa = PBXFileReference; lastKnownFileType = text.plist.xml; path = Info.plist; sourceTree = "<group>"; };
		C87EC91B1A69181500653082 /* Segues_ExampleTests.swift */ = {isa = PBXFileReference; lastKnownFileType = sourcecode.swift; path = Segues_ExampleTests.swift; sourceTree = "<group>"; };
/* End PBXFileReference section */

/* Begin PBXFrameworksBuildPhase section */
		C87EC8FD1A69181400653082 /* Frameworks */ = {
			isa = PBXFrameworksBuildPhase;
			buildActionMask = 2147483647;
			files = (
			);
			runOnlyForDeploymentPostprocessing = 0;
		};
		C87EC9121A69181500653082 /* Frameworks */ = {
			isa = PBXFrameworksBuildPhase;
			buildActionMask = 2147483647;
			files = (
			);
			runOnlyForDeploymentPostprocessing = 0;
		};
/* End PBXFrameworksBuildPhase section */

/* Begin PBXGroup section */
		C87EC8F71A69181400653082 = {
			isa = PBXGroup;
			children = (
				C87EC9021A69181400653082 /* Segues Example */,
				C87EC9181A69181500653082 /* Segues ExampleTests */,
				C87EC9011A69181400653082 /* Products */,
			);
			sourceTree = "<group>";
		};
		C87EC9011A69181400653082 /* Products */ = {
			isa = PBXGroup;
			children = (
				C87EC9001A69181400653082 /* Segues Example.app */,
				C87EC9151A69181500653082 /* Segues ExampleTests.xctest */,
			);
			name = Products;
			sourceTree = "<group>";
		};
		C87EC9021A69181400653082 /* Segues Example */ = {
			isa = PBXGroup;
			children = (
				C87EC9051A69181400653082 /* AppDelegate.swift */,
				C87EC9071A69181400653082 /* ViewController.swift */,
				C87EC9091A69181400653082 /* Main.storyboard */,
				C87EC90C1A69181400653082 /* Images.xcassets */,
				C87EC90E1A69181400653082 /* LaunchScreen.xib */,
				C87EC9031A69181400653082 /* Supporting Files */,
			);
			path = "Segues Example";
			sourceTree = "<group>";
		};
		C87EC9031A69181400653082 /* Supporting Files */ = {
			isa = PBXGroup;
			children = (
				C87EC9041A69181400653082 /* Info.plist */,
			);
			name = "Supporting Files";
			sourceTree = "<group>";
		};
		C87EC9181A69181500653082 /* Segues ExampleTests */ = {
			isa = PBXGroup;
			children = (
				C87EC91B1A69181500653082 /* Segues_ExampleTests.swift */,
				C87EC9191A69181500653082 /* Supporting Files */,
			);
			path = "Segues ExampleTests";
			sourceTree = "<group>";
		};
		C87EC9191A69181500653082 /* Supporting Files */ = {
			isa = PBXGroup;
			children = (
				C87EC91A1A69181500653082 /* Info.plist */,
			);
			name = "Supporting Files";
			sourceTree = "<group>";
		};
/* End PBXGroup section */

/* Begin PBXNativeTarget section */
		C87EC8FF1A69181400653082 /* Segues Example */ = {
			isa = PBXNativeTarget;
			buildConfigurationList = C87EC91F1A69181500653082 /* Build configuration list for PBXNativeTarget "Segues Example" */;
			buildPhases = (
				C87EC8FC1A69181400653082 /* Sources */,
				C87EC8FD1A69181400653082 /* Frameworks */,
				C87EC8FE1A69181400653082 /* Resources */,
			);
			buildRules = (
			);
			dependencies = (
			);
			name = "Segues Example";
			productName = "Segues Example";
			productReference = C87EC9001A69181400653082 /* Segues Example.app */;
			productType = "com.apple.product-type.application";
		};
		C87EC9141A69181500653082 /* Segues ExampleTests */ = {
			isa = PBXNativeTarget;
			buildConfigurationList = C87EC9221A69181500653082 /* Build configuration list for PBXNativeTarget "Segues ExampleTests" */;
			buildPhases = (
				C87EC9111A69181500653082 /* Sources */,
				C87EC9121A69181500653082 /* Frameworks */,
				C87EC9131A69181500653082 /* Resources */,
			);
			buildRules = (
			);
			dependencies = (
				C87EC9171A69181500653082 /* PBXTargetDependency */,
			);
			name = "Segues ExampleTests";
			productName = "Segues ExampleTests";
			productReference = C87EC9151A69181500653082 /* Segues ExampleTests.xctest */;
			productType = "com.apple.product-type.bundle.unit-test";
		};
/* End PBXNativeTarget section */

/* Begin PBXProject section */
		C87EC8F81A69181400653082 /* Project object */ = {
			isa = PBXProject;
			attributes = {
				LastSwiftUpdateCheck = 0700;
				LastUpgradeCheck = 0620;
				ORGANIZATIONNAME = Appfish;
				TargetAttributes = {
					C87EC8FF1A69181400653082 = {
						CreatedOnToolsVersion = 6.2;
					};
					C87EC9141A69181500653082 = {
						CreatedOnToolsVersion = 6.2;
						TestTargetID = C87EC8FF1A69181400653082;
					};
				};
			};
			buildConfigurationList = C87EC8FB1A69181400653082 /* Build configuration list for PBXProject "Segues Example" */;
			compatibilityVersion = "Xcode 3.2";
			developmentRegion = English;
			hasScannedForEncodings = 0;
			knownRegions = (
				en,
				Base,
			);
			mainGroup = C87EC8F71A69181400653082;
			productRefGroup = C87EC9011A69181400653082 /* Products */;
			projectDirPath = "";
			projectRoot = "";
			targets = (
				C87EC8FF1A69181400653082 /* Segues Example */,
				C87EC9141A69181500653082 /* Segues ExampleTests */,
			);
		};
/* End PBXProject section */

/* Begin PBXResourcesBuildPhase section */
		C87EC8FE1A69181400653082 /* Resources */ = {
			isa = PBXResourcesBuildPhase;
			buildActionMask = 2147483647;
			files = (
				C87EC90B1A69181400653082 /* Main.storyboard in Resources */,
				C87EC9101A69181400653082 /* LaunchScreen.xib in Resources */,
				C87EC90D1A69181400653082 /* Images.xcassets in Resources */,
			);
			runOnlyForDeploymentPostprocessing = 0;
		};
		C87EC9131A69181500653082 /* Resources */ = {
			isa = PBXResourcesBuildPhase;
			buildActionMask = 2147483647;
			files = (
			);
			runOnlyForDeploymentPostprocessing = 0;
		};
/* End PBXResourcesBuildPhase section */

/* Begin PBXSourcesBuildPhase section */
		C87EC8FC1A69181400653082 /* Sources */ = {
			isa = PBXSourcesBuildPhase;
			buildActionMask = 2147483647;
			files = (
				C87EC9081A69181400653082 /* ViewController.swift in Sources */,
				C87EC9061A69181400653082 /* AppDelegate.swift in Sources */,
			);
			runOnlyForDeploymentPostprocessing = 0;
		};
		C87EC9111A69181500653082 /* Sources */ = {
			isa = PBXSourcesBuildPhase;
			buildActionMask = 2147483647;
			files = (
				C87EC91C1A69181500653082 /* Segues_ExampleTests.swift in Sources */,
			);
			runOnlyForDeploymentPostprocessing = 0;
		};
/* End PBXSourcesBuildPhase section */

/* Begin PBXTargetDependency section */
		C87EC9171A69181500653082 /* PBXTargetDependency */ = {
			isa = PBXTargetDependency;
			target = C87EC8FF1A69181400653082 /* Segues Example */;
			targetProxy = C87EC9161A69181500653082 /* PBXContainerItemProxy */;
		};
/* End PBXTargetDependency section */

/* Begin PBXVariantGroup section */
		C87EC9091A69181400653082 /* Main.storyboard */ = {
			isa = PBXVariantGroup;
			children = (
				C87EC90A1A69181400653082 /* Base */,
			);
			name = Main.storyboard;
			sourceTree = "<group>";
		};
		C87EC90E1A69181400653082 /* LaunchScreen.xib */ = {
			isa = PBXVariantGroup;
			children = (
				C87EC90F1A69181400653082 /* Base */,
			);
			name = LaunchScreen.xib;
			sourceTree = "<group>";
		};
/* End PBXVariantGroup section */

/* Begin XCBuildConfiguration section */
		C87EC91D1A69181500653082 /* Debug */ = {
			isa = XCBuildConfiguration;
			buildSettings = {
				ALWAYS_SEARCH_USER_PATHS = NO;
				CLANG_CXX_LANGUAGE_STANDARD = "gnu++0x";
				CLANG_CXX_LIBRARY = "libc++";
				CLANG_ENABLE_MODULES = YES;
				CLANG_ENABLE_OBJC_ARC = YES;
				CLANG_WARN_BOOL_CONVERSION = YES;
				CLANG_WARN_CONSTANT_CONVERSION = YES;
				CLANG_WARN_DIRECT_OBJC_ISA_USAGE = YES_ERROR;
				CLANG_WARN_EMPTY_BODY = YES;
				CLANG_WARN_ENUM_CONVERSION = YES;
				CLANG_WARN_INT_CONVERSION = YES;
				CLANG_WARN_OBJC_ROOT_CLASS = YES_ERROR;
				CLANG_WARN_UNREACHABLE_CODE = YES;
				CLANG_WARN__DUPLICATE_METHOD_MATCH = YES;
				"CODE_SIGN_IDENTITY[sdk=iphoneos*]" = "iPhone Developer";
				COPY_PHASE_STRIP = NO;
				ENABLE_STRICT_OBJC_MSGSEND = YES;
				GCC_C_LANGUAGE_STANDARD = gnu99;
				GCC_DYNAMIC_NO_PIC = NO;
				GCC_OPTIMIZATION_LEVEL = 0;
				GCC_PREPROCESSOR_DEFINITIONS = (
					"DEBUG=1",
					"$(inherited)",
				);
				GCC_SYMBOLS_PRIVATE_EXTERN = NO;
				GCC_WARN_64_TO_32_BIT_CONVERSION = YES;
				GCC_WARN_ABOUT_RETURN_TYPE = YES_ERROR;
				GCC_WARN_UNDECLARED_SELECTOR = YES;
				GCC_WARN_UNINITIALIZED_AUTOS = YES_AGGRESSIVE;
				GCC_WARN_UNUSED_FUNCTION = YES;
				GCC_WARN_UNUSED_VARIABLE = YES;
				IPHONEOS_DEPLOYMENT_TARGET = 8.2;
				MTL_ENABLE_DEBUG_INFO = YES;
				ONLY_ACTIVE_ARCH = YES;
				SDKROOT = iphoneos;
				SWIFT_OPTIMIZATION_LEVEL = "-Onone";
			};
			name = Debug;
		};
		C87EC91E1A69181500653082 /* Release */ = {
			isa = XCBuildConfiguration;
			buildSettings = {
				ALWAYS_SEARCH_USER_PATHS = NO;
				CLANG_CXX_LANGUAGE_STANDARD = "gnu++0x";
				CLANG_CXX_LIBRARY = "libc++";
				CLANG_ENABLE_MODULES = YES;
				CLANG_ENABLE_OBJC_ARC = YES;
				CLANG_WARN_BOOL_CONVERSION = YES;
				CLANG_WARN_CONSTANT_CONVERSION = YES;
				CLANG_WARN_DIRECT_OBJC_ISA_USAGE = YES_ERROR;
				CLANG_WARN_EMPTY_BODY = YES;
				CLANG_WARN_ENUM_CONVERSION = YES;
				CLANG_WARN_INT_CONVERSION = YES;
				CLANG_WARN_OBJC_ROOT_CLASS = YES_ERROR;
				CLANG_WARN_UNREACHABLE_CODE = YES;
				CLANG_WARN__DUPLICATE_METHOD_MATCH = YES;
				"CODE_SIGN_IDENTITY[sdk=iphoneos*]" = "iPhone Developer";
				COPY_PHASE_STRIP = NO;
				ENABLE_NS_ASSERTIONS = NO;
				ENABLE_STRICT_OBJC_MSGSEND = YES;
				GCC_C_LANGUAGE_STANDARD = gnu99;
				GCC_WARN_64_TO_32_BIT_CONVERSION = YES;
				GCC_WARN_ABOUT_RETURN_TYPE = YES_ERROR;
				GCC_WARN_UNDECLARED_SELECTOR = YES;
				GCC_WARN_UNINITIALIZED_AUTOS = YES_AGGRESSIVE;
				GCC_WARN_UNUSED_FUNCTION = YES;
				GCC_WARN_UNUSED_VARIABLE = YES;
				IPHONEOS_DEPLOYMENT_TARGET = 8.2;
				MTL_ENABLE_DEBUG_INFO = NO;
				SDKROOT = iphoneos;
				VALIDATE_PRODUCT = YES;
			};
			name = Release;
		};
		C87EC9201A69181500653082 /* Debug */ = {
			isa = XCBuildConfiguration;
			buildSettings = {
				ASSETCATALOG_COMPILER_APPICON_NAME = AppIcon;
				INFOPLIST_FILE = "Segues Example/Info.plist";
				LD_RUNPATH_SEARCH_PATHS = "$(inherited) @executable_path/Frameworks";
				PRODUCT_NAME = "$(TARGET_NAME)";
			};
			name = Debug;
		};
		C87EC9211A69181500653082 /* Release */ = {
			isa = XCBuildConfiguration;
			buildSettings = {
				ASSETCATALOG_COMPILER_APPICON_NAME = AppIcon;
				INFOPLIST_FILE = "Segues Example/Info.plist";
				LD_RUNPATH_SEARCH_PATHS = "$(inherited) @executable_path/Frameworks";
				PRODUCT_NAME = "$(TARGET_NAME)";
			};
			name = Release;
		};
		C87EC9231A69181500653082 /* Debug */ = {
			isa = XCBuildConfiguration;
			buildSettings = {
				BUNDLE_LOADER = "$(TEST_HOST)";
				FRAMEWORK_SEARCH_PATHS = (
					"$(SDKROOT)/Developer/Library/Frameworks",
					"$(inherited)",
				);
				GCC_PREPROCESSOR_DEFINITIONS = (
					"DEBUG=1",
					"$(inherited)",
				);
				INFOPLIST_FILE = "Segues ExampleTests/Info.plist";
				LD_RUNPATH_SEARCH_PATHS = "$(inherited) @executable_path/Frameworks @loader_path/Frameworks";
				PRODUCT_NAME = "$(TARGET_NAME)";
				TEST_HOST = "";
			};
			name = Debug;
		};
		C87EC9241A69181500653082 /* Release */ = {
			isa = XCBuildConfiguration;
			buildSettings = {
				BUNDLE_LOADER = "$(TEST_HOST)";
				FRAMEWORK_SEARCH_PATHS = (
					"$(SDKROOT)/Developer/Library/Frameworks",
					"$(inherited)",
				);
				INFOPLIST_FILE = "Segues ExampleTests/Info.plist";
				LD_RUNPATH_SEARCH_PATHS = "$(inherited) @executable_path/Frameworks @loader_path/Frameworks";
				PRODUCT_NAME = "$(TARGET_NAME)";
				TEST_HOST = "";
			};
			name = Release;
		};
/* End XCBuildConfiguration section */

/* Begin XCConfigurationList section */
		C87EC8FB1A69181400653082 /* Build configuration list for PBXProject "Segues Example" */ = {
			isa = XCConfigurationList;
			buildConfigurations = (
				C87EC91D1A69181500653082 /* Debug */,
				C87EC91E1A69181500653082 /* Release */,
			);
			defaultConfigurationIsVisible = 0;
			defaultConfigurationName = Release;
		};
		C87EC91F1A69181500653082 /* Build configuration list for PBXNativeTarget "Segues Example" */ = {
			isa = XCConfigurationList;
			buildConfigurations = (
				C87EC9201A69181500653082 /* Debug */,
				C87EC9211A69181500653082 /* Release */,
			);
			defaultConfigurationIsVisible = 0;
			defaultConfigurationName = Release;
		};
		C87EC9221A69181500653082 /* Build configuration list for PBXNativeTarget "Segues ExampleTests" */ = {
			isa = XCConfigurationList;
			buildConfigurations = (
				C87EC9231A69181500653082 /* Debug */,
				C87EC9241A69181500653082 /* Release */,
			);
			defaultConfigurationIsVisible = 0;
			defaultConfigurationName = Release;
		};
/* End XCConfigurationList section */
	};
	rootObject = C87EC8F81A69181400653082 /* Project object */;
}
